<?xml version="1.0" encoding="utf-8"?>
<Project ToolsVersion="4.0" xmlns="http://schemas.microsoft.com/developer/msbuild/2003">
  <ItemGroup>
    <Filter Include="Sandboxes">
      <UniqueIdentifier>{60384d90-a6e6-4390-80d9-d824e7083109}</UniqueIdentifier>
    </Filter>
  </ItemGroup>
  <ItemGroup>
    <ClCompile Include="Lua\lua.cpp">
      <Filter>Sandboxes</Filter>
    </ClCompile>
    <ClCompile Include="compiler.cpp" />
  </ItemGroup>
  <ItemGroup>
    <ClInclude Include="compiler.h" />
  </ItemGroup>
</Project>