<?xml version="1.0" encoding="utf-8"?>
<Project ToolsVersion="4.0" xmlns="http://schemas.microsoft.com/developer/msbuild/2003">
  <ItemGroup>
    <Filter Include="Shaders">
      <UniqueIdentifier>{a29a1fc4-242a-4e7f-9f5b-9870935e4866}</UniqueIdentifier>
    </Filter>
    <Filter Include="Shaders\CS">
      <UniqueIdentifier>{37ccd1d7-f4c3-4b3b-9d7a-e0900784c134}</UniqueIdentifier>
    </Filter>
    <Filter Include="Shaders\DS">
      <UniqueIdentifier>{9d3288db-2365-4931-878d-25c877277072}</UniqueIdentifier>
    </Filter>
    <Filter Include="Shaders\GS">
      <UniqueIdentifier>{b9579a27-6efe-464e-9293-cfca02fbee91}</UniqueIdentifier>
    </Filter>
    <Filter Include="Shaders\HF">
      <UniqueIdentifier>{dc56c845-db92-4cfc-9447-edad78ad7259}</UniqueIdentifier>
    </Filter>
    <Filter Include="Shaders\HS">
      <UniqueIdentifier>{1e4d7043-600e-4403-b30e-36e4593e8a77}</UniqueIdentifier>
    </Filter>
    <Filter Include="Shaders\interop">
      <UniqueIdentifier>{26c186e3-1614-410f-a005-72567aa1b920}</UniqueIdentifier>
    </Filter>
    <Filter Include="Shaders\LIB">
      <UniqueIdentifier>{d9f64d36-1390-4a24-b8a5-c0542d0c8b33}</UniqueIdentifier>
    </Filter>
    <Filter Include="Shaders\MS">
      <UniqueIdentifier>{739a78ad-23c9-4618-b13b-2bc4d52148d3}</UniqueIdentifier>
    </Filter>
    <Filter Include="Shaders\PS">
      <UniqueIdentifier>{575412eb-c9b5-4fa5-8465-64c9f7344c68}</UniqueIdentifier>
    </Filter>
    <Filter Include="Shaders\VS">
      <UniqueIdentifier>{db612c8c-a91b-4f74-bff7-3875c7640f3d}</UniqueIdentifier>
    </Filter>
  </ItemGroup>
  <ItemGroup>
    <None Include="$(MSBuildThisFileDirectory)Shaders\bitonicSortHF.hlsli">
      <Filter>Shaders\HF</Filter>
    </None>
    <None Include="$(MSBuildThisFileDirectory)Shaders\brdf.hlsli">
      <Filter>Shaders\HF</Filter>
    </None>
    <None Include="$(MSBuildThisFileDirectory)Shaders\circle.hlsli">
      <Filter>Shaders\HF</Filter>
    </None>
    <None Include="$(MSBuildThisFileDirectory)Shaders\ColorSpaceUtility.hlsli">
      <Filter>Shaders\HF</Filter>
    </None>
    <None Include="$(MSBuildThisFileDirectory)Shaders\cone.hlsli">
      <Filter>Shaders\HF</Filter>
    </None>
    <None Include="$(MSBuildThisFileDirectory)Shaders\cube.hlsli">
      <Filter>Shaders\HF</Filter>
    </None>
    <None Include="$(MSBuildThisFileDirectory)Shaders\cullingShaderHF.hlsli">
      <Filter>Shaders\HF</Filter>
    </None>
    <None Include="$(MSBuildThisFileDirectory)Shaders\cylinder.hlsli">
      <Filter>Shaders\HF</Filter>
    </None>
    <None Include="$(MSBuildThisFileDirectory)Shaders\depthoffieldHF.hlsli">
      <Filter>Shaders\HF</Filter>
    </None>
    <None Include="$(MSBuildThisFileDirectory)Shaders\emittedparticleHF.hlsli">
      <Filter>Shaders\HF</Filter>
    </None>
    <None Include="$(MSBuildThisFileDirectory)Shaders\fxaa.hlsli">
      <Filter>Shaders\HF</Filter>
    </None>
    <None Include="$(MSBuildThisFileDirectory)Shaders\globals.hlsli">
      <Filter>Shaders\HF</Filter>
    </None>
    <None Include="$(MSBuildThisFileDirectory)Shaders\hairparticleHF.hlsli">
      <Filter>Shaders\HF</Filter>
    </None>
    <None Include="$(MSBuildThisFileDirectory)Shaders\icosphere.hlsli">
      <Filter>Shaders\HF</Filter>
    </None>
    <None Include="$(MSBuildThisFileDirectory)Shaders\imageHF.hlsli">
      <Filter>Shaders\HF</Filter>
    </None>
    <None Include="$(MSBuildThisFileDirectory)Shaders\impostorHF.hlsli">
      <Filter>Shaders\HF</Filter>
    </None>
    <None Include="$(MSBuildThisFileDirectory)Shaders\lightingHF.hlsli">
      <Filter>Shaders\HF</Filter>
    </None>
    <None Include="$(MSBuildThisFileDirectory)Shaders\objectHF.hlsli">
      <Filter>Shaders\HF</Filter>
    </None>
    <None Include="$(MSBuildThisFileDirectory)Shaders\objectHF_tessellation.hlsli">
      <Filter>Shaders\HF</Filter>
    </None>
    <None Include="$(MSBuildThisFileDirectory)Shaders\oceanSurfaceHF.hlsli">
      <Filter>Shaders\HF</Filter>
    </None>
    <None Include="$(MSBuildThisFileDirectory)Shaders\PixelPacking_R11G11B10.hlsli">
      <Filter>Shaders\HF</Filter>
    </None>
    <None Include="$(MSBuildThisFileDirectory)Shaders\quad.hlsli">
      <Filter>Shaders\HF</Filter>
    </None>
    <None Include="$(MSBuildThisFileDirectory)Shaders\raytracingHF.hlsli">
      <Filter>Shaders\HF</Filter>
    </None>
    <None Include="$(MSBuildThisFileDirectory)Shaders\skyAtmosphere.hlsli">
      <Filter>Shaders\HF</Filter>
    </None>
    <None Include="$(MSBuildThisFileDirectory)Shaders\skyHF.hlsli">
      <Filter>Shaders\HF</Filter>
    </None>
    <None Include="$(MSBuildThisFileDirectory)Shaders\stochasticSSRHF.hlsli">
      <Filter>Shaders\HF</Filter>
    </None>
    <None Include="$(MSBuildThisFileDirectory)Shaders\uvsphere.hlsli">
      <Filter>Shaders\HF</Filter>
    </None>
    <None Include="$(MSBuildThisFileDirectory)Shaders\volumeLightHF.hlsli">
      <Filter>Shaders\HF</Filter>
    </None>
    <None Include="$(MSBuildThisFileDirectory)Shaders\volumetricCloudsHF.hlsli">
      <Filter>Shaders\HF</Filter>
    </None>
    <None Include="$(MSBuildThisFileDirectory)Shaders\volumetricLightHF.hlsli">
      <Filter>Shaders\HF</Filter>
    </None>
    <None Include="$(MSBuildThisFileDirectory)Shaders\voxelConeTracingHF.hlsli">
      <Filter>Shaders\HF</Filter>
    </None>
    <None Include="$(MSBuildThisFileDirectory)Shaders\voxelHF.hlsli">
      <Filter>Shaders\HF</Filter>
    </None>
    <None Include="$(MSBuildThisFileDirectory)Shaders\rtreflectionLIB.hlsl">
      <Filter>Shaders\LIB</Filter>
    </None>
    <None Include="$(MSBuildThisFileDirectory)Shaders\emittedparticleMS.hlsl">
      <Filter>Shaders\MS</Filter>
    </None>
  </ItemGroup>
  <ItemGroup>
    <FxCompile Include="$(MSBuildThisFileDirectory)Shaders\bloomseparateCS.hlsl">
      <Filter>Shaders\CS</Filter>
    </FxCompile>
    <FxCompile Include="$(MSBuildThisFileDirectory)Shaders\blur_bilateral_float1CS.hlsl">
      <Filter>Shaders\CS</Filter>
    </FxCompile>
    <FxCompile Include="$(MSBuildThisFileDirectory)Shaders\blur_bilateral_float3CS.hlsl">
      <Filter>Shaders\CS</Filter>
    </FxCompile>
    <FxCompile Include="$(MSBuildThisFileDirectory)Shaders\blur_bilateral_float4CS.hlsl">
      <Filter>Shaders\CS</Filter>
    </FxCompile>
    <FxCompile Include="$(MSBuildThisFileDirectory)Shaders\blur_bilateral_unorm1CS.hlsl">
      <Filter>Shaders\CS</Filter>
    </FxCompile>
    <FxCompile Include="$(MSBuildThisFileDirectory)Shaders\blur_bilateral_unorm4CS.hlsl">
      <Filter>Shaders\CS</Filter>
    </FxCompile>
    <FxCompile Include="$(MSBuildThisFileDirectory)Shaders\blur_bilateral_wide_float1CS.hlsl">
      <Filter>Shaders\CS</Filter>
    </FxCompile>
    <FxCompile Include="$(MSBuildThisFileDirectory)Shaders\blur_bilateral_wide_float3CS.hlsl">
      <Filter>Shaders\CS</Filter>
    </FxCompile>
    <FxCompile Include="$(MSBuildThisFileDirectory)Shaders\blur_bilateral_wide_float4CS.hlsl">
      <Filter>Shaders\CS</Filter>
    </FxCompile>
    <FxCompile Include="$(MSBuildThisFileDirectory)Shaders\blur_bilateral_wide_unorm1CS.hlsl">
      <Filter>Shaders\CS</Filter>
    </FxCompile>
    <FxCompile Include="$(MSBuildThisFileDirectory)Shaders\blur_bilateral_wide_unorm4CS.hlsl">
      <Filter>Shaders\CS</Filter>
    </FxCompile>
    <FxCompile Include="$(MSBuildThisFileDirectory)Shaders\blur_gaussian_float1CS.hlsl">
      <Filter>Shaders\CS</Filter>
    </FxCompile>
    <FxCompile Include="$(MSBuildThisFileDirectory)Shaders\blur_gaussian_float3CS.hlsl">
      <Filter>Shaders\CS</Filter>
    </FxCompile>
    <FxCompile Include="$(MSBuildThisFileDirectory)Shaders\blur_gaussian_float4CS.hlsl">
      <Filter>Shaders\CS</Filter>
    </FxCompile>
    <FxCompile Include="$(MSBuildThisFileDirectory)Shaders\blur_gaussian_unorm1CS.hlsl">
      <Filter>Shaders\CS</Filter>
    </FxCompile>
    <FxCompile Include="$(MSBuildThisFileDirectory)Shaders\blur_gaussian_unorm4CS.hlsl">
      <Filter>Shaders\CS</Filter>
    </FxCompile>
    <FxCompile Include="$(MSBuildThisFileDirectory)Shaders\blur_gaussian_wide_float1CS.hlsl">
      <Filter>Shaders\CS</Filter>
    </FxCompile>
    <FxCompile Include="$(MSBuildThisFileDirectory)Shaders\blur_gaussian_wide_float3CS.hlsl">
      <Filter>Shaders\CS</Filter>
    </FxCompile>
    <FxCompile Include="$(MSBuildThisFileDirectory)Shaders\blur_gaussian_wide_float4CS.hlsl">
      <Filter>Shaders\CS</Filter>
    </FxCompile>
    <FxCompile Include="$(MSBuildThisFileDirectory)Shaders\blur_gaussian_wide_unorm1CS.hlsl">
      <Filter>Shaders\CS</Filter>
    </FxCompile>
    <FxCompile Include="$(MSBuildThisFileDirectory)Shaders\blur_gaussian_wide_unorm4CS.hlsl">
      <Filter>Shaders\CS</Filter>
    </FxCompile>
    <FxCompile Include="$(MSBuildThisFileDirectory)Shaders\bvh_hierarchyCS.hlsl">
      <Filter>Shaders\CS</Filter>
    </FxCompile>
    <FxCompile Include="$(MSBuildThisFileDirectory)Shaders\bvh_primitivesCS.hlsl">
      <Filter>Shaders\CS</Filter>
    </FxCompile>
    <FxCompile Include="$(MSBuildThisFileDirectory)Shaders\bvh_propagateaabbCS.hlsl">
      <Filter>Shaders\CS</Filter>
    </FxCompile>
    <FxCompile Include="$(MSBuildThisFileDirectory)Shaders\chromatic_aberrationCS.hlsl">
      <Filter>Shaders\CS</Filter>
    </FxCompile>
    <FxCompile Include="$(MSBuildThisFileDirectory)Shaders\copytexture2D_float4CS.hlsl">
      <Filter>Shaders\CS</Filter>
    </FxCompile>
    <FxCompile Include="$(MSBuildThisFileDirectory)Shaders\copytexture2D_float4_borderexpandCS.hlsl">
      <Filter>Shaders\CS</Filter>
    </FxCompile>
    <FxCompile Include="$(MSBuildThisFileDirectory)Shaders\copytexture2D_unorm4CS.hlsl">
      <Filter>Shaders\CS</Filter>
    </FxCompile>
    <FxCompile Include="$(MSBuildThisFileDirectory)Shaders\copytexture2D_unorm4_borderexpandCS.hlsl">
      <Filter>Shaders\CS</Filter>
    </FxCompile>
    <FxCompile Include="$(MSBuildThisFileDirectory)Shaders\depthoffield_kickjobsCS.hlsl">
      <Filter>Shaders\CS</Filter>
    </FxCompile>
    <FxCompile Include="$(MSBuildThisFileDirectory)Shaders\depthoffield_mainCS.hlsl">
      <Filter>Shaders\CS</Filter>
    </FxCompile>
    <FxCompile Include="$(MSBuildThisFileDirectory)Shaders\depthoffield_mainCS_cheap.hlsl">
      <Filter>Shaders\CS</Filter>
    </FxCompile>
    <FxCompile Include="$(MSBuildThisFileDirectory)Shaders\depthoffield_mainCS_earlyexit.hlsl">
      <Filter>Shaders\CS</Filter>
    </FxCompile>
    <FxCompile Include="$(MSBuildThisFileDirectory)Shaders\depthoffield_neighborhoodMaxCOCCS.hlsl">
      <Filter>Shaders\CS</Filter>
    </FxCompile>
    <FxCompile Include="$(MSBuildThisFileDirectory)Shaders\depthoffield_postfilterCS.hlsl">
      <Filter>Shaders\CS</Filter>
    </FxCompile>
    <FxCompile Include="$(MSBuildThisFileDirectory)Shaders\depthoffield_prepassCS.hlsl">
      <Filter>Shaders\CS</Filter>
    </FxCompile>
    <FxCompile Include="$(MSBuildThisFileDirectory)Shaders\depthoffield_prepassCS_earlyexit.hlsl">
      <Filter>Shaders\CS</Filter>
    </FxCompile>
    <FxCompile Include="$(MSBuildThisFileDirectory)Shaders\depthoffield_tileMaxCOC_horizontalCS.hlsl">
      <Filter>Shaders\CS</Filter>
    </FxCompile>
    <FxCompile Include="$(MSBuildThisFileDirectory)Shaders\depthoffield_tileMaxCOC_verticalCS.hlsl">
      <Filter>Shaders\CS</Filter>
    </FxCompile>
    <FxCompile Include="$(MSBuildThisFileDirectory)Shaders\depthoffield_upsampleCS.hlsl">
      <Filter>Shaders\CS</Filter>
    </FxCompile>
    <FxCompile Include="$(MSBuildThisFileDirectory)Shaders\downsample4xCS.hlsl">
      <Filter>Shaders\CS</Filter>
    </FxCompile>
    <FxCompile Include="$(MSBuildThisFileDirectory)Shaders\emittedparticle_emitCS.hlsl">
      <Filter>Shaders\CS</Filter>
    </FxCompile>
    <FxCompile Include="$(MSBuildThisFileDirectory)Shaders\emittedparticle_emitCS_FROMMESH.hlsl">
      <Filter>Shaders\CS</Filter>
    </FxCompile>
    <FxCompile Include="$(MSBuildThisFileDirectory)Shaders\emittedparticle_emitCS_volume.hlsl">
      <Filter>Shaders\CS</Filter>
    </FxCompile>
    <FxCompile Include="$(MSBuildThisFileDirectory)Shaders\emittedparticle_finishUpdateCS.hlsl">
      <Filter>Shaders\CS</Filter>
    </FxCompile>
    <FxCompile Include="$(MSBuildThisFileDirectory)Shaders\emittedparticle_kickoffUpdateCS.hlsl">
      <Filter>Shaders\CS</Filter>
    </FxCompile>
    <FxCompile Include="$(MSBuildThisFileDirectory)Shaders\emittedparticle_simulateCS.hlsl">
      <Filter>Shaders\CS</Filter>
    </FxCompile>
    <FxCompile Include="$(MSBuildThisFileDirectory)Shaders\emittedparticle_simulateCS_DEPTHCOLLISIONS.hlsl">
      <Filter>Shaders\CS</Filter>
    </FxCompile>
    <FxCompile Include="$(MSBuildThisFileDirectory)Shaders\emittedparticle_simulateCS_SORTING.hlsl">
      <Filter>Shaders\CS</Filter>
    </FxCompile>
    <FxCompile Include="$(MSBuildThisFileDirectory)Shaders\emittedparticle_simulateCS_SORTING_DEPTHCOLLISIONS.hlsl">
      <Filter>Shaders\CS</Filter>
    </FxCompile>
    <FxCompile Include="$(MSBuildThisFileDirectory)Shaders\emittedparticle_sphdensityCS.hlsl">
      <Filter>Shaders\CS</Filter>
    </FxCompile>
    <FxCompile Include="$(MSBuildThisFileDirectory)Shaders\emittedparticle_sphforceCS.hlsl">
      <Filter>Shaders\CS</Filter>
    </FxCompile>
    <FxCompile Include="$(MSBuildThisFileDirectory)Shaders\emittedparticle_sphpartitionCS.hlsl">
      <Filter>Shaders\CS</Filter>
    </FxCompile>
    <FxCompile Include="$(MSBuildThisFileDirectory)Shaders\emittedparticle_sphpartitionoffsetsCS.hlsl">
      <Filter>Shaders\CS</Filter>
    </FxCompile>
    <FxCompile Include="$(MSBuildThisFileDirectory)Shaders\emittedparticle_sphpartitionoffsetsresetCS.hlsl">
      <Filter>Shaders\CS</Filter>
    </FxCompile>
    <FxCompile Include="$(MSBuildThisFileDirectory)Shaders\fft_512x512_c2c_CS.hlsl">
      <Filter>Shaders\CS</Filter>
    </FxCompile>
    <FxCompile Include="$(MSBuildThisFileDirectory)Shaders\fft_512x512_c2c_v2_CS.hlsl">
      <Filter>Shaders\CS</Filter>
    </FxCompile>
    <FxCompile Include="$(MSBuildThisFileDirectory)Shaders\filterEnvMapCS.hlsl">
      <Filter>Shaders\CS</Filter>
    </FxCompile>
    <FxCompile Include="$(MSBuildThisFileDirectory)Shaders\fsr_sharpenCS.hlsl">
      <Filter>Shaders\CS</Filter>
    </FxCompile>
    <FxCompile Include="$(MSBuildThisFileDirectory)Shaders\fsr_upscalingCS.hlsl">
      <Filter>Shaders\CS</Filter>
    </FxCompile>
    <FxCompile Include="$(MSBuildThisFileDirectory)Shaders\fxaaCS.hlsl">
      <Filter>Shaders\CS</Filter>
    </FxCompile>
    <FxCompile Include="$(MSBuildThisFileDirectory)Shaders\generateMIPChain2DCS_float4.hlsl">
      <Filter>Shaders\CS</Filter>
    </FxCompile>
    <FxCompile Include="$(MSBuildThisFileDirectory)Shaders\generateMIPChain2DCS_unorm4.hlsl">
      <Filter>Shaders\CS</Filter>
    </FxCompile>
    <FxCompile Include="$(MSBuildThisFileDirectory)Shaders\generateMIPChain3DCS_float4.hlsl">
      <Filter>Shaders\CS</Filter>
    </FxCompile>
    <FxCompile Include="$(MSBuildThisFileDirectory)Shaders\generateMIPChain3DCS_unorm4.hlsl">
      <Filter>Shaders\CS</Filter>
    </FxCompile>
    <FxCompile Include="$(MSBuildThisFileDirectory)Shaders\generateMIPChainCubeArrayCS_float4.hlsl">
      <Filter>Shaders\CS</Filter>
    </FxCompile>
    <FxCompile Include="$(MSBuildThisFileDirectory)Shaders\generateMIPChainCubeArrayCS_unorm4.hlsl">
      <Filter>Shaders\CS</Filter>
    </FxCompile>
    <FxCompile Include="$(MSBuildThisFileDirectory)Shaders\generateMIPChainCubeCS_float4.hlsl">
      <Filter>Shaders\CS</Filter>
    </FxCompile>
    <FxCompile Include="$(MSBuildThisFileDirectory)Shaders\generateMIPChainCubeCS_unorm4.hlsl">
      <Filter>Shaders\CS</Filter>
    </FxCompile>
    <FxCompile Include="$(MSBuildThisFileDirectory)Shaders\gpusortlib_kickoffSortCS.hlsl">
      <Filter>Shaders\CS</Filter>
    </FxCompile>
    <FxCompile Include="$(MSBuildThisFileDirectory)Shaders\gpusortlib_sortCS.hlsl">
      <Filter>Shaders\CS</Filter>
    </FxCompile>
    <FxCompile Include="$(MSBuildThisFileDirectory)Shaders\gpusortlib_sortInnerCS.hlsl">
      <Filter>Shaders\CS</Filter>
    </FxCompile>
    <FxCompile Include="$(MSBuildThisFileDirectory)Shaders\gpusortlib_sortStepCS.hlsl">
      <Filter>Shaders\CS</Filter>
    </FxCompile>
    <FxCompile Include="$(MSBuildThisFileDirectory)Shaders\hairparticle_finishUpdateCS.hlsl">
      <Filter>Shaders\CS</Filter>
    </FxCompile>
    <FxCompile Include="$(MSBuildThisFileDirectory)Shaders\hairparticle_simulateCS.hlsl">
      <Filter>Shaders\CS</Filter>
    </FxCompile>
    <FxCompile Include="$(MSBuildThisFileDirectory)Shaders\hbaoCS.hlsl">
      <Filter>Shaders\CS</Filter>
    </FxCompile>
    <FxCompile Include="$(MSBuildThisFileDirectory)Shaders\lightCullingCS.hlsl">
      <Filter>Shaders\CS</Filter>
    </FxCompile>
    <FxCompile Include="$(MSBuildThisFileDirectory)Shaders\lightCullingCS_ADVANCED.hlsl">
      <Filter>Shaders\CS</Filter>
    </FxCompile>
    <FxCompile Include="$(MSBuildThisFileDirectory)Shaders\lightCullingCS_ADVANCED_DEBUG.hlsl">
      <Filter>Shaders\CS</Filter>
    </FxCompile>
    <FxCompile Include="$(MSBuildThisFileDirectory)Shaders\lightCullingCS_DEBUG.hlsl">
      <Filter>Shaders\CS</Filter>
    </FxCompile>
    <FxCompile Include="$(MSBuildThisFileDirectory)Shaders\lightShaftsCS.hlsl">
      <Filter>Shaders\CS</Filter>
    </FxCompile>
    <FxCompile Include="$(MSBuildThisFileDirectory)Shaders\luminancePass1CS.hlsl">
      <Filter>Shaders\CS</Filter>
    </FxCompile>
    <FxCompile Include="$(MSBuildThisFileDirectory)Shaders\luminancePass2CS.hlsl">
      <Filter>Shaders\CS</Filter>
    </FxCompile>
    <FxCompile Include="$(MSBuildThisFileDirectory)Shaders\motionblurCS.hlsl">
      <Filter>Shaders\CS</Filter>
    </FxCompile>
    <FxCompile Include="$(MSBuildThisFileDirectory)Shaders\motionblurCS_cheap.hlsl">
      <Filter>Shaders\CS</Filter>
    </FxCompile>
    <FxCompile Include="$(MSBuildThisFileDirectory)Shaders\motionblurCS_earlyexit.hlsl">
      <Filter>Shaders\CS</Filter>
    </FxCompile>
    <FxCompile Include="$(MSBuildThisFileDirectory)Shaders\motionblur_kickjobsCS.hlsl">
      <Filter>Shaders\CS</Filter>
    </FxCompile>
    <FxCompile Include="$(MSBuildThisFileDirectory)Shaders\motionblur_neighborhoodMaxVelocityCS.hlsl">
      <Filter>Shaders\CS</Filter>
    </FxCompile>
    <FxCompile Include="$(MSBuildThisFileDirectory)Shaders\motionblur_tileMaxVelocity_horizontalCS.hlsl">
      <Filter>Shaders\CS</Filter>
    </FxCompile>
    <FxCompile Include="$(MSBuildThisFileDirectory)Shaders\motionblur_tileMaxVelocity_verticalCS.hlsl">
      <Filter>Shaders\CS</Filter>
    </FxCompile>
    <FxCompile Include="$(MSBuildThisFileDirectory)Shaders\msaoCS.hlsl">
      <Filter>Shaders\CS</Filter>
    </FxCompile>
    <FxCompile Include="$(MSBuildThisFileDirectory)Shaders\msao_blurupsampleCS.hlsl">
      <Filter>Shaders\CS</Filter>
    </FxCompile>
    <FxCompile Include="$(MSBuildThisFileDirectory)Shaders\msao_blurupsampleCS_blendout.hlsl">
      <Filter>Shaders\CS</Filter>
    </FxCompile>
    <FxCompile Include="$(MSBuildThisFileDirectory)Shaders\msao_blurupsampleCS_premin.hlsl">
      <Filter>Shaders\CS</Filter>
    </FxCompile>
    <FxCompile Include="$(MSBuildThisFileDirectory)Shaders\msao_blurupsampleCS_premin_blendout.hlsl">
      <Filter>Shaders\CS</Filter>
    </FxCompile>
    <FxCompile Include="$(MSBuildThisFileDirectory)Shaders\msao_interleaveCS.hlsl">
      <Filter>Shaders\CS</Filter>
    </FxCompile>
    <FxCompile Include="$(MSBuildThisFileDirectory)Shaders\msao_preparedepthbuffers1CS.hlsl">
      <Filter>Shaders\CS</Filter>
    </FxCompile>
    <FxCompile Include="$(MSBuildThisFileDirectory)Shaders\msao_preparedepthbuffers2CS.hlsl">
      <Filter>Shaders\CS</Filter>
    </FxCompile>
    <FxCompile Include="$(MSBuildThisFileDirectory)Shaders\normalsfromdepthCS.hlsl">
      <Filter>Shaders\CS</Filter>
    </FxCompile>
    <FxCompile Include="$(MSBuildThisFileDirectory)Shaders\oceanSimulatorCS.hlsl">
      <Filter>Shaders\CS</Filter>
    </FxCompile>
    <FxCompile Include="$(MSBuildThisFileDirectory)Shaders\oceanUpdateDisplacementMapCS.hlsl">
      <Filter>Shaders\CS</Filter>
    </FxCompile>
    <FxCompile Include="$(MSBuildThisFileDirectory)Shaders\oceanUpdateGradientFoldingCS.hlsl">
      <Filter>Shaders\CS</Filter>
    </FxCompile>
    <FxCompile Include="$(MSBuildThisFileDirectory)Shaders\paint_textureCS.hlsl">
      <Filter>Shaders\CS</Filter>
    </FxCompile>
    <FxCompile Include="$(MSBuildThisFileDirectory)Shaders\raytraceCS.hlsl">
      <Filter>Shaders\CS</Filter>
    </FxCompile>
    <FxCompile Include="$(MSBuildThisFileDirectory)Shaders\raytraceCS_rtapi.hlsl">
      <Filter>Shaders\CS</Filter>
    </FxCompile>
    <FxCompile Include="$(MSBuildThisFileDirectory)Shaders\resolveMSAADepthStencilCS.hlsl">
      <Filter>Shaders\CS</Filter>
    </FxCompile>
    <FxCompile Include="$(MSBuildThisFileDirectory)Shaders\rtaoCS.hlsl">
      <Filter>Shaders\CS</Filter>
    </FxCompile>
    <FxCompile Include="$(MSBuildThisFileDirectory)Shaders\rtao_denoise_filterCS.hlsl">
      <Filter>Shaders\CS</Filter>
    </FxCompile>
    <FxCompile Include="$(MSBuildThisFileDirectory)Shaders\rtao_denoise_tileclassificationCS.hlsl">
      <Filter>Shaders\CS</Filter>
    </FxCompile>
    <FxCompile Include="$(MSBuildThisFileDirectory)Shaders\rtreflectionCS.hlsl">
      <Filter>Shaders\CS</Filter>
    </FxCompile>
    <FxCompile Include="$(MSBuildThisFileDirectory)Shaders\rtshadowCS.hlsl">
      <Filter>Shaders\CS</Filter>
    </FxCompile>
    <FxCompile Include="$(MSBuildThisFileDirectory)Shaders\rtshadow_denoise_filterCS.hlsl">
      <Filter>Shaders\CS</Filter>
    </FxCompile>
    <FxCompile Include="$(MSBuildThisFileDirectory)Shaders\rtshadow_denoise_temporalCS.hlsl">
      <Filter>Shaders\CS</Filter>
    </FxCompile>
    <FxCompile Include="$(MSBuildThisFileDirectory)Shaders\rtshadow_denoise_tileclassificationCS.hlsl">
      <Filter>Shaders\CS</Filter>
    </FxCompile>
    <FxCompile Include="$(MSBuildThisFileDirectory)Shaders\screenspaceshadowCS.hlsl">
      <Filter>Shaders\CS</Filter>
    </FxCompile>
    <FxCompile Include="$(MSBuildThisFileDirectory)Shaders\shadingRateClassificationCS.hlsl">
      <Filter>Shaders\CS</Filter>
    </FxCompile>
    <FxCompile Include="$(MSBuildThisFileDirectory)Shaders\shadingRateClassificationCS_DEBUG.hlsl">
      <Filter>Shaders\CS</Filter>
    </FxCompile>
    <FxCompile Include="$(MSBuildThisFileDirectory)Shaders\sharpenCS.hlsl">
      <Filter>Shaders\CS</Filter>
    </FxCompile>
    <FxCompile Include="$(MSBuildThisFileDirectory)Shaders\skinningCS.hlsl">
      <Filter>Shaders\CS</Filter>
    </FxCompile>
    <FxCompile Include="$(MSBuildThisFileDirectory)Shaders\skyAtmosphere_multiScatteredLuminanceLutCS.hlsl">
      <Filter>Shaders\CS</Filter>
    </FxCompile>
    <FxCompile Include="$(MSBuildThisFileDirectory)Shaders\skyAtmosphere_skyLuminanceLutCS.hlsl">
      <Filter>Shaders\CS</Filter>
    </FxCompile>
    <FxCompile Include="$(MSBuildThisFileDirectory)Shaders\skyAtmosphere_skyViewLutCS.hlsl">
      <Filter>Shaders\CS</Filter>
    </FxCompile>
    <FxCompile Include="$(MSBuildThisFileDirectory)Shaders\skyAtmosphere_transmittanceLutCS.hlsl">
      <Filter>Shaders\CS</Filter>
    </FxCompile>
    <FxCompile Include="$(MSBuildThisFileDirectory)Shaders\ssaoCS.hlsl">
      <Filter>Shaders\CS</Filter>
    </FxCompile>
    <FxCompile Include="$(MSBuildThisFileDirectory)Shaders\ssr_medianCS.hlsl">
      <Filter>Shaders\CS</Filter>
    </FxCompile>
    <FxCompile Include="$(MSBuildThisFileDirectory)Shaders\ssr_raytraceCS.hlsl">
      <Filter>Shaders\CS</Filter>
    </FxCompile>
    <FxCompile Include="$(MSBuildThisFileDirectory)Shaders\ssr_resolveCS.hlsl">
      <Filter>Shaders\CS</Filter>
    </FxCompile>
    <FxCompile Include="$(MSBuildThisFileDirectory)Shaders\ssr_temporalCS.hlsl">
      <Filter>Shaders\CS</Filter>
    </FxCompile>
    <FxCompile Include="$(MSBuildThisFileDirectory)Shaders\surfel_binningCS.hlsl">
      <Filter>Shaders\CS</Filter>
    </FxCompile>
    <FxCompile Include="$(MSBuildThisFileDirectory)Shaders\surfel_coverageCS.hlsl">
      <Filter>Shaders\CS</Filter>
    </FxCompile>
    <FxCompile Include="$(MSBuildThisFileDirectory)Shaders\surfel_gridoffsetsCS.hlsl">
      <Filter>Shaders\CS</Filter>
    </FxCompile>
    <FxCompile Include="$(MSBuildThisFileDirectory)Shaders\surfel_gridresetCS.hlsl">
      <Filter>Shaders\CS</Filter>
    </FxCompile>
    <FxCompile Include="$(MSBuildThisFileDirectory)Shaders\surfel_indirectprepareCS.hlsl">
      <Filter>Shaders\CS</Filter>
    </FxCompile>
    <FxCompile Include="$(MSBuildThisFileDirectory)Shaders\surfel_raytraceCS.hlsl">
      <Filter>Shaders\CS</Filter>
    </FxCompile>
    <FxCompile Include="$(MSBuildThisFileDirectory)Shaders\surfel_raytraceCS_rtapi.hlsl">
      <Filter>Shaders\CS</Filter>
    </FxCompile>
    <FxCompile Include="$(MSBuildThisFileDirectory)Shaders\surfel_updateCS.hlsl">
      <Filter>Shaders\CS</Filter>
    </FxCompile>
    <FxCompile Include="$(MSBuildThisFileDirectory)Shaders\temporalaaCS.hlsl">
      <Filter>Shaders\CS</Filter>
    </FxCompile>
    <FxCompile Include="$(MSBuildThisFileDirectory)Shaders\tileFrustumsCS.hlsl">
      <Filter>Shaders\CS</Filter>
    </FxCompile>
    <FxCompile Include="$(MSBuildThisFileDirectory)Shaders\tonemapCS.hlsl">
      <Filter>Shaders\CS</Filter>
    </FxCompile>
    <FxCompile Include="$(MSBuildThisFileDirectory)Shaders\upsample_bilateral_float1CS.hlsl">
      <Filter>Shaders\CS</Filter>
    </FxCompile>
    <FxCompile Include="$(MSBuildThisFileDirectory)Shaders\upsample_bilateral_float4CS.hlsl">
      <Filter>Shaders\CS</Filter>
    </FxCompile>
    <FxCompile Include="$(MSBuildThisFileDirectory)Shaders\upsample_bilateral_uint4CS.hlsl">
      <Filter>Shaders\CS</Filter>
    </FxCompile>
    <FxCompile Include="$(MSBuildThisFileDirectory)Shaders\upsample_bilateral_unorm1CS.hlsl">
      <Filter>Shaders\CS</Filter>
    </FxCompile>
    <FxCompile Include="$(MSBuildThisFileDirectory)Shaders\upsample_bilateral_unorm4CS.hlsl">
      <Filter>Shaders\CS</Filter>
    </FxCompile>
    <FxCompile Include="$(MSBuildThisFileDirectory)Shaders\visibility_resolveCS.hlsl">
      <Filter>Shaders\CS</Filter>
    </FxCompile>
    <FxCompile Include="$(MSBuildThisFileDirectory)Shaders\visibility_resolveCS_MSAA.hlsl">
      <Filter>Shaders\CS</Filter>
    </FxCompile>
    <FxCompile Include="$(MSBuildThisFileDirectory)Shaders\volumetricCloud_curlnoiseCS.hlsl">
      <Filter>Shaders\CS</Filter>
    </FxCompile>
    <FxCompile Include="$(MSBuildThisFileDirectory)Shaders\volumetricCloud_detailnoiseCS.hlsl">
      <Filter>Shaders\CS</Filter>
    </FxCompile>
    <FxCompile Include="$(MSBuildThisFileDirectory)Shaders\volumetricCloud_renderCS.hlsl">
      <Filter>Shaders\CS</Filter>
    </FxCompile>
    <FxCompile Include="$(MSBuildThisFileDirectory)Shaders\volumetricCloud_reprojectCS.hlsl">
      <Filter>Shaders\CS</Filter>
    </FxCompile>
    <FxCompile Include="$(MSBuildThisFileDirectory)Shaders\volumetricCloud_shapenoiseCS.hlsl">
      <Filter>Shaders\CS</Filter>
    </FxCompile>
    <FxCompile Include="$(MSBuildThisFileDirectory)Shaders\volumetricCloud_temporalCS.hlsl">
      <Filter>Shaders\CS</Filter>
    </FxCompile>
    <FxCompile Include="$(MSBuildThisFileDirectory)Shaders\volumetricCloud_weathermapCS.hlsl">
      <Filter>Shaders\CS</Filter>
    </FxCompile>
    <FxCompile Include="$(MSBuildThisFileDirectory)Shaders\voxelClearOnlyNormalCS.hlsl">
      <Filter>Shaders\CS</Filter>
    </FxCompile>
    <FxCompile Include="$(MSBuildThisFileDirectory)Shaders\voxelRadianceSecondaryBounceCS.hlsl">
      <Filter>Shaders\CS</Filter>
    </FxCompile>
    <FxCompile Include="$(MSBuildThisFileDirectory)Shaders\voxelSceneCopyClearCS.hlsl">
      <Filter>Shaders\CS</Filter>
    </FxCompile>
    <FxCompile Include="$(MSBuildThisFileDirectory)Shaders\voxelSceneCopyClearCS_TemporalSmoothing.hlsl">
      <Filter>Shaders\CS</Filter>
    </FxCompile>
    <FxCompile Include="$(MSBuildThisFileDirectory)Shaders\objectDS.hlsl">
      <Filter>Shaders\DS</Filter>
    </FxCompile>
    <FxCompile Include="$(MSBuildThisFileDirectory)Shaders\objectDS_prepass.hlsl">
      <Filter>Shaders\DS</Filter>
    </FxCompile>
    <FxCompile Include="$(MSBuildThisFileDirectory)Shaders\objectDS_prepass_alphatest.hlsl">
      <Filter>Shaders\DS</Filter>
    </FxCompile>
    <FxCompile Include="$(MSBuildThisFileDirectory)Shaders\objectDS_simple.hlsl">
      <Filter>Shaders\DS</Filter>
    </FxCompile>
    <FxCompile Include="$(MSBuildThisFileDirectory)Shaders\cubeShadowGS_alphatest_emulation.hlsl">
      <Filter>Shaders\GS</Filter>
    </FxCompile>
    <FxCompile Include="$(MSBuildThisFileDirectory)Shaders\cubeShadowGS_emulation.hlsl">
      <Filter>Shaders\GS</Filter>
    </FxCompile>
    <FxCompile Include="$(MSBuildThisFileDirectory)Shaders\cubeShadowGS_transparent_emulation.hlsl">
      <Filter>Shaders\GS</Filter>
    </FxCompile>
    <FxCompile Include="$(MSBuildThisFileDirectory)Shaders\envMapGS_emulation.hlsl">
      <Filter>Shaders\GS</Filter>
    </FxCompile>
    <FxCompile Include="$(MSBuildThisFileDirectory)Shaders\envMap_skyGS_emulation.hlsl">
      <Filter>Shaders\GS</Filter>
    </FxCompile>
    <FxCompile Include="$(MSBuildThisFileDirectory)Shaders\objectGS_voxelizer.hlsl">
      <Filter>Shaders\GS</Filter>
    </FxCompile>
    <FxCompile Include="$(MSBuildThisFileDirectory)Shaders\voxelGS.hlsl">
      <Filter>Shaders\GS</Filter>
    </FxCompile>
    <FxCompile Include="$(MSBuildThisFileDirectory)Shaders\objectHS.hlsl">
      <Filter>Shaders\HS</Filter>
    </FxCompile>
    <FxCompile Include="$(MSBuildThisFileDirectory)Shaders\objectHS_prepass.hlsl">
      <Filter>Shaders\HS</Filter>
    </FxCompile>
    <FxCompile Include="$(MSBuildThisFileDirectory)Shaders\objectHS_prepass_alphatest.hlsl">
      <Filter>Shaders\HS</Filter>
    </FxCompile>
    <FxCompile Include="$(MSBuildThisFileDirectory)Shaders\objectHS_simple.hlsl">
      <Filter>Shaders\HS</Filter>
    </FxCompile>
    <FxCompile Include="$(MSBuildThisFileDirectory)Shaders\captureImpostorPS_albedo.hlsl">
      <Filter>Shaders\PS</Filter>
    </FxCompile>
    <FxCompile Include="$(MSBuildThisFileDirectory)Shaders\captureImpostorPS_normal.hlsl">
      <Filter>Shaders\PS</Filter>
    </FxCompile>
    <FxCompile Include="$(MSBuildThisFileDirectory)Shaders\captureImpostorPS_surface.hlsl">
      <Filter>Shaders\PS</Filter>
    </FxCompile>
    <FxCompile Include="$(MSBuildThisFileDirectory)Shaders\circlePS.hlsl">
      <Filter>Shaders\PS</Filter>
    </FxCompile>
    <FxCompile Include="$(MSBuildThisFileDirectory)Shaders\cubeMapPS.hlsl">
      <Filter>Shaders\PS</Filter>
    </FxCompile>
    <FxCompile Include="$(MSBuildThisFileDirectory)Shaders\downsampleDepthBuffer4xPS.hlsl">
      <Filter>Shaders\PS</Filter>
    </FxCompile>
    <FxCompile Include="$(MSBuildThisFileDirectory)Shaders\emittedparticlePS_simple.hlsl">
      <Filter>Shaders\PS</Filter>
    </FxCompile>
    <FxCompile Include="$(MSBuildThisFileDirectory)Shaders\emittedparticlePS_soft.hlsl">
      <Filter>Shaders\PS</Filter>
    </FxCompile>
    <FxCompile Include="$(MSBuildThisFileDirectory)Shaders\emittedparticlePS_soft_distortion.hlsl">
      <Filter>Shaders\PS</Filter>
    </FxCompile>
    <FxCompile Include="$(MSBuildThisFileDirectory)Shaders\emittedparticlePS_soft_lighting.hlsl">
      <Filter>Shaders\PS</Filter>
    </FxCompile>
    <FxCompile Include="$(MSBuildThisFileDirectory)Shaders\envMapPS.hlsl">
      <Filter>Shaders\PS</Filter>
    </FxCompile>
    <FxCompile Include="$(MSBuildThisFileDirectory)Shaders\envMapPS_terrain.hlsl">
      <Filter>Shaders\PS</Filter>
    </FxCompile>
    <FxCompile Include="$(MSBuildThisFileDirectory)Shaders\envMap_skyPS_dynamic.hlsl">
      <Filter>Shaders\PS</Filter>
    </FxCompile>
    <FxCompile Include="$(MSBuildThisFileDirectory)Shaders\envMap_skyPS_static.hlsl">
      <Filter>Shaders\PS</Filter>
    </FxCompile>
    <FxCompile Include="$(MSBuildThisFileDirectory)Shaders\fontPS.hlsl">
      <Filter>Shaders\PS</Filter>
    </FxCompile>
    <FxCompile Include="$(MSBuildThisFileDirectory)Shaders\forceFieldVisualizerPS.hlsl">
      <Filter>Shaders\PS</Filter>
    </FxCompile>
    <FxCompile Include="$(MSBuildThisFileDirectory)Shaders\hairparticlePS.hlsl">
      <Filter>Shaders\PS</Filter>
    </FxCompile>
    <FxCompile Include="$(MSBuildThisFileDirectory)Shaders\hairparticlePS_prepass.hlsl">
      <Filter>Shaders\PS</Filter>
    </FxCompile>
    <FxCompile Include="$(MSBuildThisFileDirectory)Shaders\hairparticlePS_simple.hlsl">
      <Filter>Shaders\PS</Filter>
    </FxCompile>
    <FxCompile Include="$(MSBuildThisFileDirectory)Shaders\imagePS.hlsl">
      <Filter>Shaders\PS</Filter>
    </FxCompile>
    <FxCompile Include="$(MSBuildThisFileDirectory)Shaders\impostorPS.hlsl">
      <Filter>Shaders\PS</Filter>
    </FxCompile>
    <FxCompile Include="$(MSBuildThisFileDirectory)Shaders\impostorPS_prepass.hlsl">
      <Filter>Shaders\PS</Filter>
    </FxCompile>
    <FxCompile Include="$(MSBuildThisFileDirectory)Shaders\impostorPS_simple.hlsl">
      <Filter>Shaders\PS</Filter>
    </FxCompile>
    <FxCompile Include="$(MSBuildThisFileDirectory)Shaders\impostorPS_wire.hlsl">
      <Filter>Shaders\PS</Filter>
    </FxCompile>
    <FxCompile Include="$(MSBuildThisFileDirectory)Shaders\lensFlarePS.hlsl">
      <Filter>Shaders\PS</Filter>
    </FxCompile>
    <FxCompile Include="$(MSBuildThisFileDirectory)Shaders\lightVisualizerPS.hlsl">
      <Filter>Shaders\PS</Filter>
    </FxCompile>
    <FxCompile Include="$(MSBuildThisFileDirectory)Shaders\objectPS.hlsl">
      <Filter>Shaders\PS</Filter>
    </FxCompile>
    <FxCompile Include="$(MSBuildThisFileDirectory)Shaders\objectPS_anisotropic.hlsl">
      <Filter>Shaders\PS</Filter>
    </FxCompile>
    <FxCompile Include="$(MSBuildThisFileDirectory)Shaders\objectPS_cartoon.hlsl">
      <Filter>Shaders\PS</Filter>
    </FxCompile>
    <FxCompile Include="$(MSBuildThisFileDirectory)Shaders\objectPS_clearcoat.hlsl">
      <Filter>Shaders\PS</Filter>
    </FxCompile>
    <FxCompile Include="$(MSBuildThisFileDirectory)Shaders\objectPS_cloth.hlsl">
      <Filter>Shaders\PS</Filter>
    </FxCompile>
    <FxCompile Include="$(MSBuildThisFileDirectory)Shaders\objectPS_cloth_clearcoat.hlsl">
      <Filter>Shaders\PS</Filter>
    </FxCompile>
    <FxCompile Include="$(MSBuildThisFileDirectory)Shaders\objectPS_debug.hlsl">
      <Filter>Shaders\PS</Filter>
    </FxCompile>
    <FxCompile Include="$(MSBuildThisFileDirectory)Shaders\objectPS_hologram.hlsl">
      <Filter>Shaders\PS</Filter>
    </FxCompile>
    <FxCompile Include="$(MSBuildThisFileDirectory)Shaders\objectPS_paintradius.hlsl">
      <Filter>Shaders\PS</Filter>
    </FxCompile>
    <FxCompile Include="$(MSBuildThisFileDirectory)Shaders\objectPS_planarreflection.hlsl">
      <Filter>Shaders\PS</Filter>
    </FxCompile>
    <FxCompile Include="$(MSBuildThisFileDirectory)Shaders\objectPS_pom.hlsl">
      <Filter>Shaders\PS</Filter>
    </FxCompile>
    <FxCompile Include="$(MSBuildThisFileDirectory)Shaders\objectPS_prepass.hlsl">
      <Filter>Shaders\PS</Filter>
    </FxCompile>
    <FxCompile Include="$(MSBuildThisFileDirectory)Shaders\objectPS_prepass_alphatest.hlsl">
      <Filter>Shaders\PS</Filter>
    </FxCompile>
    <FxCompile Include="$(MSBuildThisFileDirectory)Shaders\objectPS_simple.hlsl">
      <Filter>Shaders\PS</Filter>
    </FxCompile>
    <FxCompile Include="$(MSBuildThisFileDirectory)Shaders\objectPS_terrain.hlsl">
      <Filter>Shaders\PS</Filter>
    </FxCompile>
    <FxCompile Include="$(MSBuildThisFileDirectory)Shaders\objectPS_transparent.hlsl">
      <Filter>Shaders\PS</Filter>
    </FxCompile>
    <FxCompile Include="$(MSBuildThisFileDirectory)Shaders\objectPS_transparent_anisotropic.hlsl">
      <Filter>Shaders\PS</Filter>
    </FxCompile>
    <FxCompile Include="$(MSBuildThisFileDirectory)Shaders\objectPS_transparent_cartoon.hlsl">
      <Filter>Shaders\PS</Filter>
    </FxCompile>
    <FxCompile Include="$(MSBuildThisFileDirectory)Shaders\objectPS_transparent_clearcoat.hlsl">
      <Filter>Shaders\PS</Filter>
    </FxCompile>
    <FxCompile Include="$(MSBuildThisFileDirectory)Shaders\objectPS_transparent_cloth.hlsl">
      <Filter>Shaders\PS</Filter>
    </FxCompile>
    <FxCompile Include="$(MSBuildThisFileDirectory)Shaders\objectPS_transparent_cloth_clearcoat.hlsl">
      <Filter>Shaders\PS</Filter>
    </FxCompile>
    <FxCompile Include="$(MSBuildThisFileDirectory)Shaders\objectPS_transparent_planarreflection.hlsl">
      <Filter>Shaders\PS</Filter>
    </FxCompile>
    <FxCompile Include="$(MSBuildThisFileDirectory)Shaders\objectPS_transparent_pom.hlsl">
      <Filter>Shaders\PS</Filter>
    </FxCompile>
    <FxCompile Include="$(MSBuildThisFileDirectory)Shaders\objectPS_transparent_unlit.hlsl">
      <Filter>Shaders\PS</Filter>
    </FxCompile>
    <FxCompile Include="$(MSBuildThisFileDirectory)Shaders\objectPS_unlit.hlsl">
      <Filter>Shaders\PS</Filter>
    </FxCompile>
    <FxCompile Include="$(MSBuildThisFileDirectory)Shaders\objectPS_voxelizer.hlsl">
      <Filter>Shaders\PS</Filter>
    </FxCompile>
    <FxCompile Include="$(MSBuildThisFileDirectory)Shaders\objectPS_voxelizer_terrain.hlsl">
      <Filter>Shaders\PS</Filter>
    </FxCompile>
    <FxCompile Include="$(MSBuildThisFileDirectory)Shaders\objectPS_water.hlsl">
      <Filter>Shaders\PS</Filter>
    </FxCompile>
    <FxCompile Include="$(MSBuildThisFileDirectory)Shaders\oceanSurfacePS.hlsl">
      <Filter>Shaders\PS</Filter>
    </FxCompile>
    <FxCompile Include="$(MSBuildThisFileDirectory)Shaders\oceanSurfaceSimplePS.hlsl">
      <Filter>Shaders\PS</Filter>
    </FxCompile>
    <FxCompile Include="$(MSBuildThisFileDirectory)Shaders\outlinePS.hlsl">
      <Filter>Shaders\PS</Filter>
    </FxCompile>
    <FxCompile Include="$(MSBuildThisFileDirectory)Shaders\raytrace_debugbvhPS.hlsl">
      <Filter>Shaders\PS</Filter>
    </FxCompile>
    <FxCompile Include="$(MSBuildThisFileDirectory)Shaders\renderlightmapPS.hlsl">
      <Filter>Shaders\PS</Filter>
    </FxCompile>
    <FxCompile Include="$(MSBuildThisFileDirectory)Shaders\renderlightmapPS_rtapi.hlsl">
      <Filter>Shaders\PS</Filter>
    </FxCompile>
    <FxCompile Include="$(MSBuildThisFileDirectory)Shaders\shadowPS_alphatest.hlsl">
      <Filter>Shaders\PS</Filter>
    </FxCompile>
    <FxCompile Include="$(MSBuildThisFileDirectory)Shaders\shadowPS_transparent.hlsl">
      <Filter>Shaders\PS</Filter>
    </FxCompile>
    <FxCompile Include="$(MSBuildThisFileDirectory)Shaders\shadowPS_water.hlsl">
      <Filter>Shaders\PS</Filter>
    </FxCompile>
    <FxCompile Include="$(MSBuildThisFileDirectory)Shaders\skyPS_dynamic.hlsl">
      <Filter>Shaders\PS</Filter>
    </FxCompile>
    <FxCompile Include="$(MSBuildThisFileDirectory)Shaders\skyPS_static.hlsl">
      <Filter>Shaders\PS</Filter>
    </FxCompile>
    <FxCompile Include="$(MSBuildThisFileDirectory)Shaders\sunPS.hlsl">
      <Filter>Shaders\PS</Filter>
    </FxCompile>
    <FxCompile Include="$(MSBuildThisFileDirectory)Shaders\upsample_bilateralPS.hlsl">
      <Filter>Shaders\PS</Filter>
    </FxCompile>
    <FxCompile Include="$(MSBuildThisFileDirectory)Shaders\vertexcolorPS.hlsl">
      <Filter>Shaders\PS</Filter>
    </FxCompile>
    <FxCompile Include="$(MSBuildThisFileDirectory)Shaders\volumetricLight_DirectionalPS.hlsl">
      <Filter>Shaders\PS</Filter>
    </FxCompile>
    <FxCompile Include="$(MSBuildThisFileDirectory)Shaders\volumetricLight_PointPS.hlsl">
      <Filter>Shaders\PS</Filter>
    </FxCompile>
    <FxCompile Include="$(MSBuildThisFileDirectory)Shaders\volumetricLight_SpotPS.hlsl">
      <Filter>Shaders\PS</Filter>
    </FxCompile>
    <FxCompile Include="$(MSBuildThisFileDirectory)Shaders\voxelPS.hlsl">
      <Filter>Shaders\PS</Filter>
    </FxCompile>
    <FxCompile Include="$(MSBuildThisFileDirectory)Shaders\cubeShadowVS.hlsl">
      <Filter>Shaders\VS</Filter>
    </FxCompile>
    <FxCompile Include="$(MSBuildThisFileDirectory)Shaders\cubeShadowVS_alphatest.hlsl">
      <Filter>Shaders\VS</Filter>
    </FxCompile>
    <FxCompile Include="$(MSBuildThisFileDirectory)Shaders\cubeShadowVS_alphatest_emulation.hlsl">
      <Filter>Shaders\VS</Filter>
    </FxCompile>
    <FxCompile Include="$(MSBuildThisFileDirectory)Shaders\cubeShadowVS_emulation.hlsl">
      <Filter>Shaders\VS</Filter>
    </FxCompile>
    <FxCompile Include="$(MSBuildThisFileDirectory)Shaders\cubeShadowVS_transparent.hlsl">
      <Filter>Shaders\VS</Filter>
    </FxCompile>
    <FxCompile Include="$(MSBuildThisFileDirectory)Shaders\cubeShadowVS_transparent_emulation.hlsl">
      <Filter>Shaders\VS</Filter>
    </FxCompile>
    <FxCompile Include="$(MSBuildThisFileDirectory)Shaders\emittedparticleVS.hlsl">
      <Filter>Shaders\VS</Filter>
    </FxCompile>
    <FxCompile Include="$(MSBuildThisFileDirectory)Shaders\envMapVS.hlsl">
      <Filter>Shaders\VS</Filter>
    </FxCompile>
    <FxCompile Include="$(MSBuildThisFileDirectory)Shaders\envMapVS_emulation.hlsl">
      <Filter>Shaders\VS</Filter>
    </FxCompile>
    <FxCompile Include="$(MSBuildThisFileDirectory)Shaders\envMap_skyVS.hlsl">
      <Filter>Shaders\VS</Filter>
    </FxCompile>
    <FxCompile Include="$(MSBuildThisFileDirectory)Shaders\envMap_skyVS_emulation.hlsl">
      <Filter>Shaders\VS</Filter>
    </FxCompile>
    <FxCompile Include="$(MSBuildThisFileDirectory)Shaders\fontVS.hlsl">
      <Filter>Shaders\VS</Filter>
    </FxCompile>
    <FxCompile Include="$(MSBuildThisFileDirectory)Shaders\forceFieldPlaneVisualizerVS.hlsl">
      <Filter>Shaders\VS</Filter>
    </FxCompile>
    <FxCompile Include="$(MSBuildThisFileDirectory)Shaders\forceFieldPointVisualizerVS.hlsl">
      <Filter>Shaders\VS</Filter>
    </FxCompile>
    <FxCompile Include="$(MSBuildThisFileDirectory)Shaders\hairparticleVS.hlsl">
      <Filter>Shaders\VS</Filter>
    </FxCompile>
    <FxCompile Include="$(MSBuildThisFileDirectory)Shaders\imageVS.hlsl">
      <Filter>Shaders\VS</Filter>
    </FxCompile>
    <FxCompile Include="$(MSBuildThisFileDirectory)Shaders\impostorVS.hlsl">
      <Filter>Shaders\VS</Filter>
    </FxCompile>
    <FxCompile Include="$(MSBuildThisFileDirectory)Shaders\lensFlareVS.hlsl">
      <Filter>Shaders\VS</Filter>
    </FxCompile>
    <FxCompile Include="$(MSBuildThisFileDirectory)Shaders\objectVS_common.hlsl">
      <Filter>Shaders\VS</Filter>
    </FxCompile>
    <FxCompile Include="$(MSBuildThisFileDirectory)Shaders\objectVS_common_tessellation.hlsl">
      <Filter>Shaders\VS</Filter>
    </FxCompile>
    <FxCompile Include="$(MSBuildThisFileDirectory)Shaders\objectVS_debug.hlsl">
      <Filter>Shaders\VS</Filter>
    </FxCompile>
    <FxCompile Include="$(MSBuildThisFileDirectory)Shaders\objectVS_prepass.hlsl">
      <Filter>Shaders\VS</Filter>
    </FxCompile>
    <FxCompile Include="$(MSBuildThisFileDirectory)Shaders\objectVS_prepass_alphatest.hlsl">
      <Filter>Shaders\VS</Filter>
    </FxCompile>
    <FxCompile Include="$(MSBuildThisFileDirectory)Shaders\objectVS_prepass_alphatest_tessellation.hlsl">
      <Filter>Shaders\VS</Filter>
    </FxCompile>
    <FxCompile Include="$(MSBuildThisFileDirectory)Shaders\objectVS_prepass_tessellation.hlsl">
      <Filter>Shaders\VS</Filter>
    </FxCompile>
    <FxCompile Include="$(MSBuildThisFileDirectory)Shaders\objectVS_simple.hlsl">
      <Filter>Shaders\VS</Filter>
    </FxCompile>
    <FxCompile Include="$(MSBuildThisFileDirectory)Shaders\objectVS_simple_tessellation.hlsl">
      <Filter>Shaders\VS</Filter>
    </FxCompile>
    <FxCompile Include="$(MSBuildThisFileDirectory)Shaders\objectVS_voxelizer.hlsl">
      <Filter>Shaders\VS</Filter>
    </FxCompile>
    <FxCompile Include="$(MSBuildThisFileDirectory)Shaders\occludeeVS.hlsl">
      <Filter>Shaders\VS</Filter>
    </FxCompile>
    <FxCompile Include="$(MSBuildThisFileDirectory)Shaders\oceanSurfaceVS.hlsl">
      <Filter>Shaders\VS</Filter>
    </FxCompile>
    <FxCompile Include="$(MSBuildThisFileDirectory)Shaders\postprocessVS.hlsl">
      <Filter>Shaders\VS</Filter>
    </FxCompile>
    <FxCompile Include="$(MSBuildThisFileDirectory)Shaders\raytrace_screenVS.hlsl">
      <Filter>Shaders\VS</Filter>
    </FxCompile>
    <FxCompile Include="$(MSBuildThisFileDirectory)Shaders\renderlightmapVS.hlsl">
      <Filter>Shaders\VS</Filter>
    </FxCompile>
    <FxCompile Include="$(MSBuildThisFileDirectory)Shaders\shadowVS.hlsl">
      <Filter>Shaders\VS</Filter>
    </FxCompile>
    <FxCompile Include="$(MSBuildThisFileDirectory)Shaders\shadowVS_alphatest.hlsl">
      <Filter>Shaders\VS</Filter>
    </FxCompile>
    <FxCompile Include="$(MSBuildThisFileDirectory)Shaders\shadowVS_transparent.hlsl">
      <Filter>Shaders\VS</Filter>
    </FxCompile>
    <FxCompile Include="$(MSBuildThisFileDirectory)Shaders\skyVS.hlsl">
      <Filter>Shaders\VS</Filter>
    </FxCompile>
    <FxCompile Include="$(MSBuildThisFileDirectory)Shaders\sphereVS.hlsl">
      <Filter>Shaders\VS</Filter>
    </FxCompile>
    <FxCompile Include="$(MSBuildThisFileDirectory)Shaders\vertexcolorVS.hlsl">
      <Filter>Shaders\VS</Filter>
    </FxCompile>
    <FxCompile Include="$(MSBuildThisFileDirectory)Shaders\volumetriclight_directionalVS.hlsl">
      <Filter>Shaders\VS</Filter>
    </FxCompile>
    <FxCompile Include="$(MSBuildThisFileDirectory)Shaders\volumetriclight_pointVS.hlsl">
      <Filter>Shaders\VS</Filter>
    </FxCompile>
    <FxCompile Include="$(MSBuildThisFileDirectory)Shaders\volumetriclight_spotVS.hlsl">
      <Filter>Shaders\VS</Filter>
    </FxCompile>
    <FxCompile Include="$(MSBuildThisFileDirectory)Shaders\voxelVS.hlsl">
      <Filter>Shaders\VS</Filter>
    </FxCompile>
    <FxCompile Include="$(MSBuildThisFileDirectory)Shaders\vPointLightVS.hlsl">
      <Filter>Shaders\VS</Filter>
    </FxCompile>
    <FxCompile Include="$(MSBuildThisFileDirectory)Shaders\vSpotLightVS.hlsl">
      <Filter>Shaders\VS</Filter>
    </FxCompile>
  </ItemGroup>
  <ItemGroup>
    <ClInclude Include="$(MSBuildThisFileDirectory)Shaders\ShaderInterop.h">
      <Filter>Shaders\interop</Filter>
    </ClInclude>
    <ClInclude Include="$(MSBuildThisFileDirectory)Shaders\ShaderInterop_BVH.h">
      <Filter>Shaders\interop</Filter>
    </ClInclude>
    <ClInclude Include="$(MSBuildThisFileDirectory)Shaders\ShaderInterop_EmittedParticle.h">
      <Filter>Shaders\interop</Filter>
    </ClInclude>
    <ClInclude Include="$(MSBuildThisFileDirectory)Shaders\ShaderInterop_FFTGenerator.h">
      <Filter>Shaders\interop</Filter>
    </ClInclude>
    <ClInclude Include="$(MSBuildThisFileDirectory)Shaders\ShaderInterop_Font.h">
      <Filter>Shaders\interop</Filter>
    </ClInclude>
    <ClInclude Include="$(MSBuildThisFileDirectory)Shaders\ShaderInterop_GPUSortLib.h">
      <Filter>Shaders\interop</Filter>
    </ClInclude>
    <ClInclude Include="$(MSBuildThisFileDirectory)Shaders\ShaderInterop_HairParticle.h">
      <Filter>Shaders\interop</Filter>
    </ClInclude>
    <ClInclude Include="$(MSBuildThisFileDirectory)Shaders\ShaderInterop_Image.h">
      <Filter>Shaders\interop</Filter>
    </ClInclude>
    <ClInclude Include="$(MSBuildThisFileDirectory)Shaders\ShaderInterop_Ocean.h">
      <Filter>Shaders\interop</Filter>
    </ClInclude>
    <ClInclude Include="$(MSBuildThisFileDirectory)Shaders\ShaderInterop_Postprocess.h">
      <Filter>Shaders\interop</Filter>
    </ClInclude>
    <ClInclude Include="$(MSBuildThisFileDirectory)Shaders\ShaderInterop_Raytracing.h">
      <Filter>Shaders\interop</Filter>
    </ClInclude>
    <ClInclude Include="$(MSBuildThisFileDirectory)Shaders\ShaderInterop_Renderer.h">
      <Filter>Shaders\interop</Filter>
    </ClInclude>
    <ClInclude Include="$(MSBuildThisFileDirectory)Shaders\ShaderInterop_SurfelGI.h">
      <Filter>Shaders\interop</Filter>
    </ClInclude>
    <ClInclude Include="$(MSBuildThisFileDirectory)Shaders\ShaderInterop_Weather.h">
      <Filter>Shaders\interop</Filter>
    </ClInclude>
  </ItemGroup>
</Project>